FORGE
  remote: http://forge.puppetlabs.com
  specs:
    alup/rbenv (1.2.0)
    garethr/docker (0.9.0)
      puppetlabs/apt (>= 1.1.0)
      puppetlabs/stdlib (>= 4.1.0)
    garethr/golang (0.0.4)
      puppetlabs/apt (>= 1.1.0)
      puppetlabs/stdlib (>= 3.2.0)
    puppetlabs/apt (1.4.0)
      puppetlabs/stdlib (>= 2.2.1)
    puppetlabs/git (0.0.3)
    puppetlabs/stdlib (4.1.0)

DEPENDENCIES
  alup/rbenv (>= 0)
  garethr/docker (>= 0)
  garethr/golang (>= 0)
  puppetlabs/git (>= 0)
  puppetlabs/stdlib (>= 0)

